
Microsoft Visual Studio Solution File, Format Version 12.00
# Visual Studio Version 17
VisualStudioVersion = 17.0.32112.339
MinimumVisualStudioVersion = 10.0.40219.1
Project("{FAE04EC0-301F-11D3-BF4B-00C04F79EFBC}") = "Reverse Number", "Reverse Number.csproj", "{DDEAEA63-1375-413A-9D7B-88AFAF287C99}"
EndProject
Global
	GlobalSection(SolutionConfigurationPlatforms) = preSolution
		Debug|Any CPU = Debug|Any CPU
		Release|Any CPU = Release|Any CPU
	EndGlobalSection
	GlobalSection(ProjectConfigurationPlatforms) = postSolution
		{DDEAEA63-1375-413A-9D7B-88AFAF287C99}.Debug|Any CPU.ActiveCfg = Debug|Any CPU
		{DDEAEA63-1375-413A-9D7B-88AFAF287C99}.Debug|Any CPU.Build.0 = Debug|Any CPU
		{DDEAEA63-1375-413A-9D7B-88AFAF287C99}.Release|Any CPU.ActiveCfg = Release|Any CPU
		{DDEAEA63-1375-413A-9D7B-88AFAF287C99}.Release|Any CPU.Build.0 = Release|Any CPU
	EndGlobalSection
	GlobalSection(SolutionProperties) = preSolution
		HideSolutionNode = FALSE
	EndGlobalSection
	GlobalSection(ExtensibilityGlobals) = postSolution
		SolutionGuid = {14512E50-9A20-4B9B-8289-3384633E2B5E}
	EndGlobalSection
EndGlobal
