
Microsoft Visual Studio Solution File, Format Version 12.00
# Visual Studio Version 17
VisualStudioVersion = 17.0.32112.339
MinimumVisualStudioVersion = 10.0.40219.1
Project("{FAE04EC0-301F-11D3-BF4B-00C04F79EFBC}") = "Perfect Number", "Perfect Number.csproj", "{244A0354-8106-4B42-A650-265FA4791DC2}"
EndProject
Global
	GlobalSection(SolutionConfigurationPlatforms) = preSolution
		Debug|Any CPU = Debug|Any CPU
		Release|Any CPU = Release|Any CPU
	EndGlobalSection
	GlobalSection(ProjectConfigurationPlatforms) = postSolution
		{244A0354-8106-4B42-A650-265FA4791DC2}.Debug|Any CPU.ActiveCfg = Debug|Any CPU
		{244A0354-8106-4B42-A650-265FA4791DC2}.Debug|Any CPU.Build.0 = Debug|Any CPU
		{244A0354-8106-4B42-A650-265FA4791DC2}.Release|Any CPU.ActiveCfg = Release|Any CPU
		{244A0354-8106-4B42-A650-265FA4791DC2}.Release|Any CPU.Build.0 = Release|Any CPU
	EndGlobalSection
	GlobalSection(SolutionProperties) = preSolution
		HideSolutionNode = FALSE
	EndGlobalSection
	GlobalSection(ExtensibilityGlobals) = postSolution
		SolutionGuid = {1A59B442-AA45-439A-88EB-11A3A8E0549F}
	EndGlobalSection
EndGlobal
